
Microsoft Visual Studio Solution File, Format Version 11.00
# Visual Studio 2010
Project("{FAE04EC0-301F-11D3-BF4B-00C04F79EFBC}") = "Camera_NET", "..\Camera_NET\Camera_NET.csproj", "{E6052609-A070-41D5-85B9-ACABA91170C5}"
EndProject
Project("{FAE04EC0-301F-11D3-BF4B-00C04F79EFBC}") = "CameraControlSample", "CameraControlSample\CameraControlSample.csproj", "{6F81AD5D-34E5-4800-BF4D-A14281B0B822}"
EndProject
Project("{FAE04EC0-301F-11D3-BF4B-00C04F79EFBC}") = "CameraControlTool", "CameraControlTool\CameraControlTool.csproj", "{5E315D76-0A31-4AFA-9084-95809AE8C56E}"
EndProject
Project("{FAE04EC0-301F-11D3-BF4B-00C04F79EFBC}") = "DirectShowLib-2010", "..\DirectShowLib\DirectShowLib-2010.csproj", "{CE009BFA-5EF6-4153-B2A1-2FA79698A9AE}"
EndProject
Project("{FAE04EC0-301F-11D3-BF4B-00C04F79EFBC}") = "VerySimple", "VerySimple\VerySimple.csproj", "{82BCD0E1-242F-4D54-96AE-32FFB8D00E94}"
EndProject
Global
	GlobalSection(SolutionConfigurationPlatforms) = preSolution
		Debug|Any CPU = Debug|Any CPU
		Release|Any CPU = Release|Any CPU
	EndGlobalSection
	GlobalSection(ProjectConfigurationPlatforms) = postSolution
		{E6052609-A070-41D5-85B9-ACABA91170C5}.Debug|Any CPU.ActiveCfg = Debug|Any CPU
		{E6052609-A070-41D5-85B9-ACABA91170C5}.Debug|Any CPU.Build.0 = Debug|Any CPU
		{E6052609-A070-41D5-85B9-ACABA91170C5}.Release|Any CPU.ActiveCfg = Release|Any CPU
		{E6052609-A070-41D5-85B9-ACABA91170C5}.Release|Any CPU.Build.0 = Release|Any CPU
		{6F81AD5D-34E5-4800-BF4D-A14281B0B822}.Debug|Any CPU.ActiveCfg = Debug|Any CPU
		{6F81AD5D-34E5-4800-BF4D-A14281B0B822}.Debug|Any CPU.Build.0 = Debug|Any CPU
		{6F81AD5D-34E5-4800-BF4D-A14281B0B822}.Release|Any CPU.ActiveCfg = Release|Any CPU
		{6F81AD5D-34E5-4800-BF4D-A14281B0B822}.Release|Any CPU.Build.0 = Release|Any CPU
		{5E315D76-0A31-4AFA-9084-95809AE8C56E}.Debug|Any CPU.ActiveCfg = Debug|Any CPU
		{5E315D76-0A31-4AFA-9084-95809AE8C56E}.Debug|Any CPU.Build.0 = Debug|Any CPU
		{5E315D76-0A31-4AFA-9084-95809AE8C56E}.Release|Any CPU.ActiveCfg = Release|Any CPU
		{5E315D76-0A31-4AFA-9084-95809AE8C56E}.Release|Any CPU.Build.0 = Release|Any CPU
		{CE009BFA-5EF6-4153-B2A1-2FA79698A9AE}.Debug|Any CPU.ActiveCfg = Debug|Any CPU
		{CE009BFA-5EF6-4153-B2A1-2FA79698A9AE}.Debug|Any CPU.Build.0 = Debug|Any CPU
		{CE009BFA-5EF6-4153-B2A1-2FA79698A9AE}.Release|Any CPU.ActiveCfg = Release|Any CPU
		{CE009BFA-5EF6-4153-B2A1-2FA79698A9AE}.Release|Any CPU.Build.0 = Release|Any CPU
		{82BCD0E1-242F-4D54-96AE-32FFB8D00E94}.Debug|Any CPU.ActiveCfg = Debug|Any CPU
		{82BCD0E1-242F-4D54-96AE-32FFB8D00E94}.Debug|Any CPU.Build.0 = Debug|Any CPU
		{82BCD0E1-242F-4D54-96AE-32FFB8D00E94}.Release|Any CPU.ActiveCfg = Release|Any CPU
		{82BCD0E1-242F-4D54-96AE-32FFB8D00E94}.Release|Any CPU.Build.0 = Release|Any CPU
	EndGlobalSection
	GlobalSection(SolutionProperties) = preSolution
		HideSolutionNode = FALSE
	EndGlobalSection
EndGlobal
